{
  "name": "socratic-engineering",
  "version": "0.1.0",
  "lockfileVersion": 3,
  "requires": true,
  "packages": {
    "": {
      "name": "socratic-engineering",
      "version": "0.1.0",
      "license": "MIT",
      "engines": {
        "node": ">=20"
      }
    },
    "agent-integration": {
      "extraneous": true
    },
    "contradiction": {
      "extraneous": true
    },
    "interrogation": {
      "extraneous": true
    },
    "research": {
      "extraneous": true
    },
    "schema": {
      "extraneous": true
    }
  }
}
